
Microsoft Visual Studio Solution File, Format Version 12.00
# Visual Studio Version 17
VisualStudioVersion = 17.1.32319.34
MinimumVisualStudioVersion = 10.0.40219.1
Project("{FAE04EC0-301F-11D3-BF4B-00C04F79EFBC}") = "WebApplication3", "WebApplication3\WebApplication3.csproj", "{68311D71-A0E2-49D5-B8CA-1465FD91E701}"
EndProject
Global
	GlobalSection(SolutionConfigurationPlatforms) = preSolution
		Debug|Any CPU = Debug|Any CPU
		Release|Any CPU = Release|Any CPU
	EndGlobalSection
	GlobalSection(ProjectConfigurationPlatforms) = postSolution
		{68311D71-A0E2-49D5-B8CA-1465FD91E701}.Debug|Any CPU.ActiveCfg = Debug|Any CPU
		{68311D71-A0E2-49D5-B8CA-1465FD91E701}.Debug|Any CPU.Build.0 = Debug|Any CPU
		{68311D71-A0E2-49D5-B8CA-1465FD91E701}.Release|Any CPU.ActiveCfg = Release|Any CPU
		{68311D71-A0E2-49D5-B8CA-1465FD91E701}.Release|Any CPU.Build.0 = Release|Any CPU
	EndGlobalSection
	GlobalSection(SolutionProperties) = preSolution
		HideSolutionNode = FALSE
	EndGlobalSection
	GlobalSection(ExtensibilityGlobals) = postSolution
		SolutionGuid = {EB76E132-A857-4DC2-88CC-8FAE1A736A54}
	EndGlobalSection
EndGlobal
